// !$*UTF8*$!
{
	archiveVersion = 1;
	classes = {
	};
	objectVersion = 48;
	objects = {

/* Begin PBXBuildFile section */
		0B145944288EDE9A3E6F8F93 /* Pods_ToDoScheduling.framework in Frameworks */ = {isa = PBXBuildFile; fileRef = 455F4576F62151A58AA70A68 /* Pods_ToDoScheduling.framework */; };
		D5B6381F1FF4374400C4C7F1 /* AppDelegate.swift in Sources */ = {isa = PBXBuildFile; fileRef = D5B6381E1FF4374400C4C7F1 /* AppDelegate.swift */; };
		D5B638211FF4374400C4C7F1 /* ViewController.swift in Sources */ = {isa = PBXBuildFile; fileRef = D5B638201FF4374400C4C7F1 /* ViewController.swift */; };
		D5B638241FF4374400C4C7F1 /* Main.storyboard in Resources */ = {isa = PBXBuildFile; fileRef = D5B638221FF4374400C4C7F1 /* Main.storyboard */; };
		D5B638271FF4374400C4C7F1 /* ToDoScheduling.xcdatamodeld in Sources */ = {isa = PBXBuildFile; fileRef = D5B638251FF4374400C4C7F1 /* ToDoScheduling.xcdatamodeld */; };
		D5B638291FF4374400C4C7F1 /* Assets.xcassets in Resources */ = {isa = PBXBuildFile; fileRef = D5B638281FF4374400C4C7F1 /* Assets.xcassets */; };
		D5B6382C1FF4374400C4C7F1 /* LaunchScreen.storyboard in Resources */ = {isa = PBXBuildFile; fileRef = D5B6382A1FF4374400C4C7F1 /* LaunchScreen.storyboard */; };
		D5B638371FF4374400C4C7F1 /* ToDoSchedulingTests.swift in Sources */ = {isa = PBXBuildFile; fileRef = D5B638361FF4374400C4C7F1 /* ToDoSchedulingTests.swift */; };
		D5B638421FF4374400C4C7F1 /* ToDoSchedulingUITests.swift in Sources */ = {isa = PBXBuildFile; fileRef = D5B638411FF4374400C4C7F1 /* ToDoSchedulingUITests.swift */; };
		D5B638521FF43BBD00C4C7F1 /* Categories+CoreDataClass.swift in Sources */ = {isa = PBXBuildFile; fileRef = D5B638501FF43BBD00C4C7F1 /* Categories+CoreDataClass.swift */; };
		D5B638531FF43BBD00C4C7F1 /* Categories+CoreDataProperties.swift in Sources */ = {isa = PBXBuildFile; fileRef = D5B638511FF43BBD00C4C7F1 /* Categories+CoreDataProperties.swift */; };
		D5B638561FF43C0F00C4C7F1 /* DataHelperCategories.swift in Sources */ = {isa = PBXBuildFile; fileRef = D5B638551FF43C0F00C4C7F1 /* DataHelperCategories.swift */; };
		D5B638581FF43EEB00C4C7F1 /* AddTaskViewController.swift in Sources */ = {isa = PBXBuildFile; fileRef = D5B638571FF43EEB00C4C7F1 /* AddTaskViewController.swift */; };
		D5B6385A1FF43F6C00C4C7F1 /* EditTaskViewController.swift in Sources */ = {isa = PBXBuildFile; fileRef = D5B638591FF43F6C00C4C7F1 /* EditTaskViewController.swift */; };
		D5B6385D1FF4463700C4C7F1 /* Tasks+CoreDataClass.swift in Sources */ = {isa = PBXBuildFile; fileRef = D5B6385B1FF4463700C4C7F1 /* Tasks+CoreDataClass.swift */; };
		D5B6385E1FF4463700C4C7F1 /* Tasks+CoreDataProperties.swift in Sources */ = {isa = PBXBuildFile; fileRef = D5B6385C1FF4463700C4C7F1 /* Tasks+CoreDataProperties.swift */; };
		D5B638621FF49D1200C4C7F1 /* SettingsViewController.swift in Sources */ = {isa = PBXBuildFile; fileRef = D5B638611FF49D1200C4C7F1 /* SettingsViewController.swift */; };
		D5B638641FF4A54E00C4C7F1 /* AddCategoryViewController.swift in Sources */ = {isa = PBXBuildFile; fileRef = D5B638631FF4A54E00C4C7F1 /* AddCategoryViewController.swift */; };
		D5B638651FF4A6E600C4C7F1 /* ChromaColorPicker.framework in Frameworks */ = {isa = PBXBuildFile; fileRef = D5B638661FF4A6E600C4C7F1 /* ChromaColorPicker.framework */; };
/* End PBXBuildFile section */

/* Begin PBXContainerItemProxy section */
		D5B638331FF4374400C4C7F1 /* PBXContainerItemProxy */ = {
			isa = PBXContainerItemProxy;
			containerPortal = D5B638131FF4374400C4C7F1 /* Project object */;
			proxyType = 1;
			remoteGlobalIDString = D5B6381A1FF4374400C4C7F1;
			remoteInfo = ToDoScheduling;
		};
		D5B6383E1FF4374400C4C7F1 /* PBXContainerItemProxy */ = {
			isa = PBXContainerItemProxy;
			containerPortal = D5B638131FF4374400C4C7F1 /* Project object */;
			proxyType = 1;
			remoteGlobalIDString = D5B6381A1FF4374400C4C7F1;
			remoteInfo = ToDoScheduling;
		};
/* End PBXContainerItemProxy section */

/* Begin PBXFileReference section */
		03E9CAAB8B55806301C8312C /* Pods-ToDoScheduling.release.xcconfig */ = {isa = PBXFileReference; includeInIndex = 1; lastKnownFileType = text.xcconfig; name = "Pods-ToDoScheduling.release.xcconfig"; path = "Pods/Target Support Files/Pods-ToDoScheduling/Pods-ToDoScheduling.release.xcconfig"; sourceTree = "<group>"; };
		455F4576F62151A58AA70A68 /* Pods_ToDoScheduling.framework */ = {isa = PBXFileReference; explicitFileType = wrapper.framework; includeInIndex = 0; path = Pods_ToDoScheduling.framework; sourceTree = BUILT_PRODUCTS_DIR; };
		BA7D58B6918DA60E73576811 /* Pods-ToDoScheduling.debug.xcconfig */ = {isa = PBXFileReference; includeInIndex = 1; lastKnownFileType = text.xcconfig; name = "Pods-ToDoScheduling.debug.xcconfig"; path = "Pods/Target Support Files/Pods-ToDoScheduling/Pods-ToDoScheduling.debug.xcconfig"; sourceTree = "<group>"; };
		D5B6381B1FF4374400C4C7F1 /* ToDoScheduling.app */ = {isa = PBXFileReference; explicitFileType = wrapper.application; includeInIndex = 0; path = ToDoScheduling.app; sourceTree = BUILT_PRODUCTS_DIR; };
		D5B6381E1FF4374400C4C7F1 /* AppDelegate.swift */ = {isa = PBXFileReference; lastKnownFileType = sourcecode.swift; path = AppDelegate.swift; sourceTree = "<group>"; };
		D5B638201FF4374400C4C7F1 /* ViewController.swift */ = {isa = PBXFileReference; lastKnownFileType = sourcecode.swift; path = ViewController.swift; sourceTree = "<group>"; };
		D5B638231FF4374400C4C7F1 /* Base */ = {isa = PBXFileReference; lastKnownFileType = file.storyboard; name = Base; path = Base.lproj/Main.storyboard; sourceTree = "<group>"; };
		D5B638261FF4374400C4C7F1 /* ToDoScheduling.xcdatamodel */ = {isa = PBXFileReference; lastKnownFileType = wrapper.xcdatamodel; path = ToDoScheduling.xcdatamodel; sourceTree = "<group>"; };
		D5B638281FF4374400C4C7F1 /* Assets.xcassets */ = {isa = PBXFileReference; lastKnownFileType = folder.assetcatalog; path = Assets.xcassets; sourceTree = "<group>"; };
		D5B6382B1FF4374400C4C7F1 /* Base */ = {isa = PBXFileReference; lastKnownFileType = file.storyboard; name = Base; path = Base.lproj/LaunchScreen.storyboard; sourceTree = "<group>"; };
		D5B6382D1FF4374400C4C7F1 /* Info.plist */ = {isa = PBXFileReference; lastKnownFileType = text.plist.xml; path = Info.plist; sourceTree = "<group>"; };
		D5B638321FF4374400C4C7F1 /* ToDoSchedulingTests.xctest */ = {isa = PBXFileReference; explicitFileType = wrapper.cfbundle; includeInIndex = 0; path = ToDoSchedulingTests.xctest; sourceTree = BUILT_PRODUCTS_DIR; };
		D5B638361FF4374400C4C7F1 /* ToDoSchedulingTests.swift */ = {isa = PBXFileReference; lastKnownFileType = sourcecode.swift; path = ToDoSchedulingTests.swift; sourceTree = "<group>"; };
		D5B638381FF4374400C4C7F1 /* Info.plist */ = {isa = PBXFileReference; lastKnownFileType = text.plist.xml; path = Info.plist; sourceTree = "<group>"; };
		D5B6383D1FF4374400C4C7F1 /* ToDoSchedulingUITests.xctest */ = {isa = PBXFileReference; explicitFileType = wrapper.cfbundle; includeInIndex = 0; path = ToDoSchedulingUITests.xctest; sourceTree = BUILT_PRODUCTS_DIR; };
		D5B638411FF4374400C4C7F1 /* ToDoSchedulingUITests.swift */ = {isa = PBXFileReference; lastKnownFileType = sourcecode.swift; path = ToDoSchedulingUITests.swift; sourceTree = "<group>"; };
		D5B638431FF4374400C4C7F1 /* Info.plist */ = {isa = PBXFileReference; lastKnownFileType = text.plist.xml; path = Info.plist; sourceTree = "<group>"; };
		D5B638501FF43BBD00C4C7F1 /* Categories+CoreDataClass.swift */ = {isa = PBXFileReference; lastKnownFileType = sourcecode.swift; path = "Categories+CoreDataClass.swift"; sourceTree = "<group>"; };
		D5B638511FF43BBD00C4C7F1 /* Categories+CoreDataProperties.swift */ = {isa = PBXFileReference; lastKnownFileType = sourcecode.swift; path = "Categories+CoreDataProperties.swift"; sourceTree = "<group>"; };
		D5B638551FF43C0F00C4C7F1 /* DataHelperCategories.swift */ = {isa = PBXFileReference; lastKnownFileType = sourcecode.swift; path = DataHelperCategories.swift; sourceTree = "<group>"; };
		D5B638571FF43EEB00C4C7F1 /* AddTaskViewController.swift */ = {isa = PBXFileReference; lastKnownFileType = sourcecode.swift; path = AddTaskViewController.swift; sourceTree = "<group>"; };
		D5B638591FF43F6C00C4C7F1 /* EditTaskViewController.swift */ = {isa = PBXFileReference; lastKnownFileType = sourcecode.swift; path = EditTaskViewController.swift; sourceTree = "<group>"; };
		D5B6385B1FF4463700C4C7F1 /* Tasks+CoreDataClass.swift */ = {isa = PBXFileReference; lastKnownFileType = sourcecode.swift; path = "Tasks+CoreDataClass.swift"; sourceTree = "<group>"; };
		D5B6385C1FF4463700C4C7F1 /* Tasks+CoreDataProperties.swift */ = {isa = PBXFileReference; lastKnownFileType = sourcecode.swift; path = "Tasks+CoreDataProperties.swift"; sourceTree = "<group>"; };
		D5B638611FF49D1200C4C7F1 /* SettingsViewController.swift */ = {isa = PBXFileReference; lastKnownFileType = sourcecode.swift; path = SettingsViewController.swift; sourceTree = "<group>"; };
		D5B638631FF4A54E00C4C7F1 /* AddCategoryViewController.swift */ = {isa = PBXFileReference; lastKnownFileType = sourcecode.swift; path = AddCategoryViewController.swift; sourceTree = "<group>"; };
		D5B638661FF4A6E600C4C7F1 /* ChromaColorPicker.framework */ = {isa = PBXFileReference; explicitFileType = wrapper.framework; path = ChromaColorPicker.framework; sourceTree = BUILT_PRODUCTS_DIR; };
/* End PBXFileReference section */

/* Begin PBXFrameworksBuildPhase section */
		D5B638181FF4374400C4C7F1 /* Frameworks */ = {
			isa = PBXFrameworksBuildPhase;
			buildActionMask = 2147483647;
			files = (
				D5B638651FF4A6E600C4C7F1 /* ChromaColorPicker.framework in Frameworks */,
				0B145944288EDE9A3E6F8F93 /* Pods_ToDoScheduling.framework in Frameworks */,
			);
			runOnlyForDeploymentPostprocessing = 0;
		};
		D5B6382F1FF4374400C4C7F1 /* Frameworks */ = {
			isa = PBXFrameworksBuildPhase;
			buildActionMask = 2147483647;
			files = (
			);
			runOnlyForDeploymentPostprocessing = 0;
		};
		D5B6383A1FF4374400C4C7F1 /* Frameworks */ = {
			isa = PBXFrameworksBuildPhase;
			buildActionMask = 2147483647;
			files = (
			);
			runOnlyForDeploymentPostprocessing = 0;
		};
/* End PBXFrameworksBuildPhase section */

/* Begin PBXGroup section */
		05575453BAB9DDFF6547550C /* Frameworks */ = {
			isa = PBXGroup;
			children = (
				D5B638661FF4A6E600C4C7F1 /* ChromaColorPicker.framework */,
				455F4576F62151A58AA70A68 /* Pods_ToDoScheduling.framework */,
			);
			name = Frameworks;
			sourceTree = "<group>";
		};
		2EC07168D873F054D0107C64 /* Pods */ = {
			isa = PBXGroup;
			children = (
				BA7D58B6918DA60E73576811 /* Pods-ToDoScheduling.debug.xcconfig */,
				03E9CAAB8B55806301C8312C /* Pods-ToDoScheduling.release.xcconfig */,
			);
			name = Pods;
			sourceTree = "<group>";
		};
		D5B638121FF4374400C4C7F1 = {
			isa = PBXGroup;
			children = (
				D5B6381D1FF4374400C4C7F1 /* ToDoScheduling */,
				D5B638351FF4374400C4C7F1 /* ToDoSchedulingTests */,
				D5B638401FF4374400C4C7F1 /* ToDoSchedulingUITests */,
				D5B6381C1FF4374400C4C7F1 /* Products */,
				2EC07168D873F054D0107C64 /* Pods */,
				05575453BAB9DDFF6547550C /* Frameworks */,
			);
			sourceTree = "<group>";
		};
		D5B6381C1FF4374400C4C7F1 /* Products */ = {
			isa = PBXGroup;
			children = (
				D5B6381B1FF4374400C4C7F1 /* ToDoScheduling.app */,
				D5B638321FF4374400C4C7F1 /* ToDoSchedulingTests.xctest */,
				D5B6383D1FF4374400C4C7F1 /* ToDoSchedulingUITests.xctest */,
			);
			name = Products;
			sourceTree = "<group>";
		};
		D5B6381D1FF4374400C4C7F1 /* ToDoScheduling */ = {
			isa = PBXGroup;
			children = (
				D5B638541FF43BD800C4C7F1 /* Utils */,
				D5B6384F1FF43B9C00C4C7F1 /* Entities */,
				D5B6381E1FF4374400C4C7F1 /* AppDelegate.swift */,
				D5B638201FF4374400C4C7F1 /* ViewController.swift */,
				D5B638221FF4374400C4C7F1 /* Main.storyboard */,
				D5B638631FF4A54E00C4C7F1 /* AddCategoryViewController.swift */,
				D5B638611FF49D1200C4C7F1 /* SettingsViewController.swift */,
				D5B638591FF43F6C00C4C7F1 /* EditTaskViewController.swift */,
				D5B638571FF43EEB00C4C7F1 /* AddTaskViewController.swift */,
				D5B638281FF4374400C4C7F1 /* Assets.xcassets */,
				D5B6382A1FF4374400C4C7F1 /* LaunchScreen.storyboard */,
				D5B6382D1FF4374400C4C7F1 /* Info.plist */,
				D5B638251FF4374400C4C7F1 /* ToDoScheduling.xcdatamodeld */,
			);
			path = ToDoScheduling;
			sourceTree = "<group>";
		};
		D5B638351FF4374400C4C7F1 /* ToDoSchedulingTests */ = {
			isa = PBXGroup;
			children = (
				D5B638361FF4374400C4C7F1 /* ToDoSchedulingTests.swift */,
				D5B638381FF4374400C4C7F1 /* Info.plist */,
			);
			path = ToDoSchedulingTests;
			sourceTree = "<group>";
		};
		D5B638401FF4374400C4C7F1 /* ToDoSchedulingUITests */ = {
			isa = PBXGroup;
			children = (
				D5B638411FF4374400C4C7F1 /* ToDoSchedulingUITests.swift */,
				D5B638431FF4374400C4C7F1 /* Info.plist */,
			);
			path = ToDoSchedulingUITests;
			sourceTree = "<group>";
		};
		D5B6384F1FF43B9C00C4C7F1 /* Entities */ = {
			isa = PBXGroup;
			children = (
				D5B6385B1FF4463700C4C7F1 /* Tasks+CoreDataClass.swift */,
				D5B6385C1FF4463700C4C7F1 /* Tasks+CoreDataProperties.swift */,
				D5B638501FF43BBD00C4C7F1 /* Categories+CoreDataClass.swift */,
				D5B638511FF43BBD00C4C7F1 /* Categories+CoreDataProperties.swift */,
			);
			path = Entities;
			sourceTree = "<group>";
		};
		D5B638541FF43BD800C4C7F1 /* Utils */ = {
			isa = PBXGroup;
			children = (
				D5B638551FF43C0F00C4C7F1 /* DataHelperCategories.swift */,
			);
			path = Utils;
			sourceTree = "<group>";
		};
/* End PBXGroup section */

/* Begin PBXNativeTarget section */
		D5B6381A1FF4374400C4C7F1 /* ToDoScheduling */ = {
			isa = PBXNativeTarget;
			buildConfigurationList = D5B638461FF4374400C4C7F1 /* Build configuration list for PBXNativeTarget "ToDoScheduling" */;
			buildPhases = (
				33F2E527B86A52D87FF5281B /* [CP] Check Pods Manifest.lock */,
				D5B638171FF4374400C4C7F1 /* Sources */,
				D5B638181FF4374400C4C7F1 /* Frameworks */,
				D5B638191FF4374400C4C7F1 /* Resources */,
				106FFE4C3EA3BA041522F60F /* [CP] Embed Pods Frameworks */,
				A9EA4F70D79F98C23CDFF7ED /* [CP] Copy Pods Resources */,
			);
			buildRules = (
			);
			dependencies = (
			);
			name = ToDoScheduling;
			productName = ToDoScheduling;
			productReference = D5B6381B1FF4374400C4C7F1 /* ToDoScheduling.app */;
			productType = "com.apple.product-type.application";
		};
		D5B638311FF4374400C4C7F1 /* ToDoSchedulingTests */ = {
			isa = PBXNativeTarget;
			buildConfigurationList = D5B638491FF4374400C4C7F1 /* Build configuration list for PBXNativeTarget "ToDoSchedulingTests" */;
			buildPhases = (
				D5B6382E1FF4374400C4C7F1 /* Sources */,
				D5B6382F1FF4374400C4C7F1 /* Frameworks */,
				D5B638301FF4374400C4C7F1 /* Resources */,
			);
			buildRules = (
			);
			dependencies = (
				D5B638341FF4374400C4C7F1 /* PBXTargetDependency */,
			);
			name = ToDoSchedulingTests;
			productName = ToDoSchedulingTests;
			productReference = D5B638321FF4374400C4C7F1 /* ToDoSchedulingTests.xctest */;
			productType = "com.apple.product-type.bundle.unit-test";
		};
		D5B6383C1FF4374400C4C7F1 /* ToDoSchedulingUITests */ = {
			isa = PBXNativeTarget;
			buildConfigurationList = D5B6384C1FF4374400C4C7F1 /* Build configuration list for PBXNativeTarget "ToDoSchedulingUITests" */;
			buildPhases = (
				D5B638391FF4374400C4C7F1 /* Sources */,
				D5B6383A1FF4374400C4C7F1 /* Frameworks */,
				D5B6383B1FF4374400C4C7F1 /* Resources */,
			);
			buildRules = (
			);
			dependencies = (
				D5B6383F1FF4374400C4C7F1 /* PBXTargetDependency */,
			);
			name = ToDoSchedulingUITests;
			productName = ToDoSchedulingUITests;
			productReference = D5B6383D1FF4374400C4C7F1 /* ToDoSchedulingUITests.xctest */;
			productType = "com.apple.product-type.bundle.ui-testing";
		};
/* End PBXNativeTarget section */

/* Begin PBXProject section */
		D5B638131FF4374400C4C7F1 /* Project object */ = {
			isa = PBXProject;
			attributes = {
				LastSwiftUpdateCheck = 0920;
				LastUpgradeCheck = 0920;
				ORGANIZATIONNAME = "Oussama Ayed";
				TargetAttributes = {
					D5B6381A1FF4374400C4C7F1 = {
						CreatedOnToolsVersion = 9.2;
						ProvisioningStyle = Automatic;
					};
					D5B638311FF4374400C4C7F1 = {
						CreatedOnToolsVersion = 9.2;
						ProvisioningStyle = Automatic;
						TestTargetID = D5B6381A1FF4374400C4C7F1;
					};
					D5B6383C1FF4374400C4C7F1 = {
						CreatedOnToolsVersion = 9.2;
						ProvisioningStyle = Automatic;
						TestTargetID = D5B6381A1FF4374400C4C7F1;
					};
				};
			};
			buildConfigurationList = D5B638161FF4374400C4C7F1 /* Build configuration list for PBXProject "ToDoScheduling" */;
			compatibilityVersion = "Xcode 8.0";
			developmentRegion = en;
			hasScannedForEncodings = 0;
			knownRegions = (
				en,
				Base,
			);
			mainGroup = D5B638121FF4374400C4C7F1;
			productRefGroup = D5B6381C1FF4374400C4C7F1 /* Products */;
			projectDirPath = "";
			projectRoot = "";
			targets = (
				D5B6381A1FF4374400C4C7F1 /* ToDoScheduling */,
				D5B638311FF4374400C4C7F1 /* ToDoSchedulingTests */,
				D5B6383C1FF4374400C4C7F1 /* ToDoSchedulingUITests */,
			);
		};
/* End PBXProject section */

/* Begin PBXResourcesBuildPhase section */
		D5B638191FF4374400C4C7F1 /* Resources */ = {
			isa = PBXResourcesBuildPhase;
			buildActionMask = 2147483647;
			files = (
				D5B6382C1FF4374400C4C7F1 /* LaunchScreen.storyboard in Resources */,
				D5B638291FF4374400C4C7F1 /* Assets.xcassets in Resources */,
				D5B638241FF4374400C4C7F1 /* Main.storyboard in Resources */,
			);
			runOnlyForDeploymentPostprocessing = 0;
		};
		D5B638301FF4374400C4C7F1 /* Resources */ = {
			isa = PBXResourcesBuildPhase;
			buildActionMask = 2147483647;
			files = (
			);
			runOnlyForDeploymentPostprocessing = 0;
		};
		D5B6383B1FF4374400C4C7F1 /* Resources */ = {
			isa = PBXResourcesBuildPhase;
			buildActionMask = 2147483647;
			files = (
			);
			runOnlyForDeploymentPostprocessing = 0;
		};
/* End PBXResourcesBuildPhase section */

/* Begin PBXShellScriptBuildPhase section */
		106FFE4C3EA3BA041522F60F /* [CP] Embed Pods Frameworks */ = {
			isa = PBXShellScriptBuildPhase;
			buildActionMask = 2147483647;
			files = (
			);
			inputPaths = (
				"${SRCROOT}/Pods/Target Support Files/Pods-ToDoScheduling/Pods-ToDoScheduling-frameworks.sh",
				"${BUILT_PRODUCTS_DIR}/ChromaColorPicker/ChromaColorPicker.framework",
			);
			name = "[CP] Embed Pods Frameworks";
			outputPaths = (
				"${TARGET_BUILD_DIR}/${FRAMEWORKS_FOLDER_PATH}/ChromaColorPicker.framework",
			);
			runOnlyForDeploymentPostprocessing = 0;
			shellPath = /bin/sh;
			shellScript = "\"${SRCROOT}/Pods/Target Support Files/Pods-ToDoScheduling/Pods-ToDoScheduling-frameworks.sh\"\n";
			showEnvVarsInLog = 0;
		};
		33F2E527B86A52D87FF5281B /* [CP] Check Pods Manifest.lock */ = {
			isa = PBXShellScriptBuildPhase;
			buildActionMask = 2147483647;
			files = (
			);
			inputPaths = (
				"${PODS_PODFILE_DIR_PATH}/Podfile.lock",
				"${PODS_ROOT}/Manifest.lock",
			);
			name = "[CP] Check Pods Manifest.lock";
			outputPaths = (
				"$(DERIVED_FILE_DIR)/Pods-ToDoScheduling-checkManifestLockResult.txt",
			);
			runOnlyForDeploymentPostprocessing = 0;
			shellPath = /bin/sh;
			shellScript = "diff \"${PODS_PODFILE_DIR_PATH}/Podfile.lock\" \"${PODS_ROOT}/Manifest.lock\" > /dev/null\nif [ $? != 0 ] ; then\n    # print error to STDERR\n    echo \"error: The sandbox is not in sync with the Podfile.lock. Run 'pod install' or update your CocoaPods installation.\" >&2\n    exit 1\nfi\n# This output is used by Xcode 'outputs' to avoid re-running this script phase.\necho \"SUCCESS\" > \"${SCRIPT_OUTPUT_FILE_0}\"\n";
			showEnvVarsInLog = 0;
		};
		A9EA4F70D79F98C23CDFF7ED /* [CP] Copy Pods Resources */ = {
			isa = PBXShellScriptBuildPhase;
			buildActionMask = 2147483647;
			files = (
			);
			inputPaths = (
			);
			name = "[CP] Copy Pods Resources";
			outputPaths = (
			);
			runOnlyForDeploymentPostprocessing = 0;
			shellPath = /bin/sh;
			shellScript = "\"${SRCROOT}/Pods/Target Support Files/Pods-ToDoScheduling/Pods-ToDoScheduling-resources.sh\"\n";
			showEnvVarsInLog = 0;
		};
/* End PBXShellScriptBuildPhase section */

/* Begin PBXSourcesBuildPhase section */
		D5B638171FF4374400C4C7F1 /* Sources */ = {
			isa = PBXSourcesBuildPhase;
			buildActionMask = 2147483647;
			files = (
				D5B638271FF4374400C4C7F1 /* ToDoScheduling.xcdatamodeld in Sources */,
				D5B638561FF43C0F00C4C7F1 /* DataHelperCategories.swift in Sources */,
				D5B638621FF49D1200C4C7F1 /* SettingsViewController.swift in Sources */,
				D5B6385E1FF4463700C4C7F1 /* Tasks+CoreDataProperties.swift in Sources */,
				D5B638531FF43BBD00C4C7F1 /* Categories+CoreDataProperties.swift in Sources */,
				D5B638211FF4374400C4C7F1 /* ViewController.swift in Sources */,
				D5B6381F1FF4374400C4C7F1 /* AppDelegate.swift in Sources */,
				D5B638521FF43BBD00C4C7F1 /* Categories+CoreDataClass.swift in Sources */,
				D5B638641FF4A54E00C4C7F1 /* AddCategoryViewController.swift in Sources */,
				D5B638581FF43EEB00C4C7F1 /* AddTaskViewController.swift in Sources */,
				D5B6385D1FF4463700C4C7F1 /* Tasks+CoreDataClass.swift in Sources */,
				D5B6385A1FF43F6C00C4C7F1 /* EditTaskViewController.swift in Sources */,
			);
			runOnlyForDeploymentPostprocessing = 0;
		};
		D5B6382E1FF4374400C4C7F1 /* Sources */ = {
			isa = PBXSourcesBuildPhase;
			buildActionMask = 2147483647;
			files = (
				D5B638371FF4374400C4C7F1 /* ToDoSchedulingTests.swift in Sources */,
			);
			runOnlyForDeploymentPostprocessing = 0;
		};
		D5B638391FF4374400C4C7F1 /* Sources */ = {
			isa = PBXSourcesBuildPhase;
			buildActionMask = 2147483647;
			files = (
				D5B638421FF4374400C4C7F1 /* ToDoSchedulingUITests.swift in Sources */,
			);
			runOnlyForDeploymentPostprocessing = 0;
		};
/* End PBXSourcesBuildPhase section */

/* Begin PBXTargetDependency section */
		D5B638341FF4374400C4C7F1 /* PBXTargetDependency */ = {
			isa = PBXTargetDependency;
			target = D5B6381A1FF4374400C4C7F1 /* ToDoScheduling */;
			targetProxy = D5B638331FF4374400C4C7F1 /* PBXContainerItemProxy */;
		};
		D5B6383F1FF4374400C4C7F1 /* PBXTargetDependency */ = {
			isa = PBXTargetDependency;
			target = D5B6381A1FF4374400C4C7F1 /* ToDoScheduling */;
			targetProxy = D5B6383E1FF4374400C4C7F1 /* PBXContainerItemProxy */;
		};
/* End PBXTargetDependency section */

/* Begin PBXVariantGroup section */
		D5B638221FF4374400C4C7F1 /* Main.storyboard */ = {
			isa = PBXVariantGroup;
			children = (
				D5B638231FF4374400C4C7F1 /* Base */,
			);
			name = Main.storyboard;
			sourceTree = "<group>";
		};
		D5B6382A1FF4374400C4C7F1 /* LaunchScreen.storyboard */ = {
			isa = PBXVariantGroup;
			children = (
				D5B6382B1FF4374400C4C7F1 /* Base */,
			);
			name = LaunchScreen.storyboard;
			sourceTree = "<group>";
		};
/* End PBXVariantGroup section */

/* Begin XCBuildConfiguration section */
		D5B638441FF4374400C4C7F1 /* Debug */ = {
			isa = XCBuildConfiguration;
			buildSettings = {
				ALWAYS_SEARCH_USER_PATHS = NO;
				CLANG_ANALYZER_NONNULL = YES;
				CLANG_ANALYZER_NUMBER_OBJECT_CONVERSION = YES_AGGRESSIVE;
				CLANG_CXX_LANGUAGE_STANDARD = "gnu++14";
				CLANG_CXX_LIBRARY = "libc++";
				CLANG_ENABLE_MODULES = YES;
				CLANG_ENABLE_OBJC_ARC = YES;
				CLANG_WARN_BLOCK_CAPTURE_AUTORELEASING = YES;
				CLANG_WARN_BOOL_CONVERSION = YES;
				CLANG_WARN_COMMA = YES;
				CLANG_WARN_CONSTANT_CONVERSION = YES;
				CLANG_WARN_DIRECT_OBJC_ISA_USAGE = YES_ERROR;
				CLANG_WARN_DOCUMENTATION_COMMENTS = YES;
				CLANG_WARN_EMPTY_BODY = YES;
				CLANG_WARN_ENUM_CONVERSION = YES;
				CLANG_WARN_INFINITE_RECURSION = YES;
				CLANG_WARN_INT_CONVERSION = YES;
				CLANG_WARN_NON_LITERAL_NULL_CONVERSION = YES;
				CLANG_WARN_OBJC_LITERAL_CONVERSION = YES;
				CLANG_WARN_OBJC_ROOT_CLASS = YES_ERROR;
				CLANG_WARN_RANGE_LOOP_ANALYSIS = YES;
				CLANG_WARN_STRICT_PROTOTYPES = YES;
				CLANG_WARN_SUSPICIOUS_MOVE = YES;
				CLANG_WARN_UNGUARDED_AVAILABILITY = YES_AGGRESSIVE;
				CLANG_WARN_UNREACHABLE_CODE = YES;
				CLANG_WARN__DUPLICATE_METHOD_MATCH = YES;
				CODE_SIGN_IDENTITY = "iPhone Developer";
				COPY_PHASE_STRIP = NO;
				DEBUG_INFORMATION_FORMAT = dwarf;
				ENABLE_STRICT_OBJC_MSGSEND = YES;
				ENABLE_TESTABILITY = YES;
				GCC_C_LANGUAGE_STANDARD = gnu11;
				GCC_DYNAMIC_NO_PIC = NO;
				GCC_NO_COMMON_BLOCKS = YES;
				GCC_OPTIMIZATION_LEVEL = 0;
				GCC_PREPROCESSOR_DEFINITIONS = (
					"DEBUG=1",
					"$(inherited)",
				);
				GCC_WARN_64_TO_32_BIT_CONVERSION = YES;
				GCC_WARN_ABOUT_RETURN_TYPE = YES_ERROR;
				GCC_WARN_UNDECLARED_SELECTOR = YES;
				GCC_WARN_UNINITIALIZED_AUTOS = YES_AGGRESSIVE;
				GCC_WARN_UNUSED_FUNCTION = YES;
				GCC_WARN_UNUSED_VARIABLE = YES;
				IPHONEOS_DEPLOYMENT_TARGET = 11.2;
				MTL_ENABLE_DEBUG_INFO = YES;
				ONLY_ACTIVE_ARCH = YES;
				SDKROOT = iphoneos;
				SWIFT_ACTIVE_COMPILATION_CONDITIONS = DEBUG;
				SWIFT_OPTIMIZATION_LEVEL = "-Onone";
			};
			name = Debug;
		};
		D5B638451FF4374400C4C7F1 /* Release */ = {
			isa = XCBuildConfiguration;
			buildSettings = {
				ALWAYS_SEARCH_USER_PATHS = NO;
				CLANG_ANALYZER_NONNULL = YES;
				CLANG_ANALYZER_NUMBER_OBJECT_CONVERSION = YES_AGGRESSIVE;
				CLANG_CXX_LANGUAGE_STANDARD = "gnu++14";
				CLANG_CXX_LIBRARY = "libc++";
				CLANG_ENABLE_MODULES = YES;
				CLANG_ENABLE_OBJC_ARC = YES;
				CLANG_WARN_BLOCK_CAPTURE_AUTORELEASING = YES;
				CLANG_WARN_BOOL_CONVERSION = YES;
				CLANG_WARN_COMMA = YES;
				CLANG_WARN_CONSTANT_CONVERSION = YES;
				CLANG_WARN_DIRECT_OBJC_ISA_USAGE = YES_ERROR;
				CLANG_WARN_DOCUMENTATION_COMMENTS = YES;
				CLANG_WARN_EMPTY_BODY = YES;
				CLANG_WARN_ENUM_CONVERSION = YES;
				CLANG_WARN_INFINITE_RECURSION = YES;
				CLANG_WARN_INT_CONVERSION = YES;
				CLANG_WARN_NON_LITERAL_NULL_CONVERSION = YES;
				CLANG_WARN_OBJC_LITERAL_CONVERSION = YES;
				CLANG_WARN_OBJC_ROOT_CLASS = YES_ERROR;
				CLANG_WARN_RANGE_LOOP_ANALYSIS = YES;
				CLANG_WARN_STRICT_PROTOTYPES = YES;
				CLANG_WARN_SUSPICIOUS_MOVE = YES;
				CLANG_WARN_UNGUARDED_AVAILABILITY = YES_AGGRESSIVE;
				CLANG_WARN_UNREACHABLE_CODE = YES;
				CLANG_WARN__DUPLICATE_METHOD_MATCH = YES;
				CODE_SIGN_IDENTITY = "iPhone Developer";
				COPY_PHASE_STRIP = NO;
				DEBUG_INFORMATION_FORMAT = "dwarf-with-dsym";
				ENABLE_NS_ASSERTIONS = NO;
				ENABLE_STRICT_OBJC_MSGSEND = YES;
				GCC_C_LANGUAGE_STANDARD = gnu11;
				GCC_NO_COMMON_BLOCKS = YES;
				GCC_WARN_64_TO_32_BIT_CONVERSION = YES;
				GCC_WARN_ABOUT_RETURN_TYPE = YES_ERROR;
				GCC_WARN_UNDECLARED_SELECTOR = YES;
				GCC_WARN_UNINITIALIZED_AUTOS = YES_AGGRESSIVE;
				GCC_WARN_UNUSED_FUNCTION = YES;
				GCC_WARN_UNUSED_VARIABLE = YES;
				IPHONEOS_DEPLOYMENT_TARGET = 11.2;
				MTL_ENABLE_DEBUG_INFO = NO;
				SDKROOT = iphoneos;
				SWIFT_OPTIMIZATION_LEVEL = "-Owholemodule";
				VALIDATE_PRODUCT = YES;
			};
			name = Release;
		};
		D5B638471FF4374400C4C7F1 /* Debug */ = {
			isa = XCBuildConfiguration;
			baseConfigurationReference = BA7D58B6918DA60E73576811 /* Pods-ToDoScheduling.debug.xcconfig */;
			buildSettings = {
				ASSETCATALOG_COMPILER_APPICON_NAME = AppIcon;
				CODE_SIGN_STYLE = Automatic;
				DEVELOPMENT_TEAM = RK2NM7A55R;
				INFOPLIST_FILE = ToDoScheduling/Info.plist;
				LD_RUNPATH_SEARCH_PATHS = "$(inherited) @executable_path/Frameworks";
				PRODUCT_BUNDLE_IDENTIFIER = com.oussama.ToDoScheduling;
				PRODUCT_NAME = "$(TARGET_NAME)";
				SWIFT_VERSION = 4.0;
				TARGETED_DEVICE_FAMILY = "1,2";
			};
			name = Debug;
		};
		D5B638481FF4374400C4C7F1 /* Release */ = {
			isa = XCBuildConfiguration;
			baseConfigurationReference = 03E9CAAB8B55806301C8312C /* Pods-ToDoScheduling.release.xcconfig */;
			buildSettings = {
				ASSETCATALOG_COMPILER_APPICON_NAME = AppIcon;
				CODE_SIGN_STYLE = Automatic;
				DEVELOPMENT_TEAM = RK2NM7A55R;
				INFOPLIST_FILE = ToDoScheduling/Info.plist;
				LD_RUNPATH_SEARCH_PATHS = "$(inherited) @executable_path/Frameworks";
				PRODUCT_BUNDLE_IDENTIFIER = com.oussama.ToDoScheduling;
				PRODUCT_NAME = "$(TARGET_NAME)";
				SWIFT_VERSION = 4.0;
				TARGETED_DEVICE_FAMILY = "1,2";
			};
			name = Release;
		};
		D5B6384A1FF4374400C4C7F1 /* Debug */ = {
			isa = XCBuildConfiguration;
			buildSettings = {
				ALWAYS_EMBED_SWIFT_STANDARD_LIBRARIES = YES;
				BUNDLE_LOADER = "$(TEST_HOST)";
				CODE_SIGN_STYLE = Automatic;
				INFOPLIST_FILE = ToDoSchedulingTests/Info.plist;
				LD_RUNPATH_SEARCH_PATHS = "$(inherited) @executable_path/Frameworks @loader_path/Frameworks";
				PRODUCT_BUNDLE_IDENTIFIER = com.oussama.ToDoSchedulingTests;
				PRODUCT_NAME = "$(TARGET_NAME)";
				SWIFT_VERSION = 4.0;
				TARGETED_DEVICE_FAMILY = "1,2";
				TEST_HOST = "$(BUILT_PRODUCTS_DIR)/ToDoScheduling.app/ToDoScheduling";
			};
			name = Debug;
		};
		D5B6384B1FF4374400C4C7F1 /* Release */ = {
			isa = XCBuildConfiguration;
			buildSettings = {
				ALWAYS_EMBED_SWIFT_STANDARD_LIBRARIES = YES;
				BUNDLE_LOADER = "$(TEST_HOST)";
				CODE_SIGN_STYLE = Automatic;
				INFOPLIST_FILE = ToDoSchedulingTests/Info.plist;
				LD_RUNPATH_SEARCH_PATHS = "$(inherited) @executable_path/Frameworks @loader_path/Frameworks";
				PRODUCT_BUNDLE_IDENTIFIER = com.oussama.ToDoSchedulingTests;
				PRODUCT_NAME = "$(TARGET_NAME)";
				SWIFT_VERSION = 4.0;
				TARGETED_DEVICE_FAMILY = "1,2";
				TEST_HOST = "$(BUILT_PRODUCTS_DIR)/ToDoScheduling.app/ToDoScheduling";
			};
			name = Release;
		};
		D5B6384D1FF4374400C4C7F1 /* Debug */ = {
			isa = XCBuildConfiguration;
			buildSettings = {
				ALWAYS_EMBED_SWIFT_STANDARD_LIBRARIES = YES;
				CODE_SIGN_STYLE = Automatic;
				INFOPLIST_FILE = ToDoSchedulingUITests/Info.plist;
				LD_RUNPATH_SEARCH_PATHS = "$(inherited) @executable_path/Frameworks @loader_path/Frameworks";
				PRODUCT_BUNDLE_IDENTIFIER = com.oussama.ToDoSchedulingUITests;
				PRODUCT_NAME = "$(TARGET_NAME)";
				SWIFT_VERSION = 4.0;
				TARGETED_DEVICE_FAMILY = "1,2";
				TEST_TARGET_NAME = ToDoScheduling;
			};
			name = Debug;
		};
		D5B6384E1FF4374400C4C7F1 /* Release */ = {
			isa = XCBuildConfiguration;
			buildSettings = {
				ALWAYS_EMBED_SWIFT_STANDARD_LIBRARIES = YES;
				CODE_SIGN_STYLE = Automatic;
				INFOPLIST_FILE = ToDoSchedulingUITests/Info.plist;
				LD_RUNPATH_SEARCH_PATHS = "$(inherited) @executable_path/Frameworks @loader_path/Frameworks";
				PRODUCT_BUNDLE_IDENTIFIER = com.oussama.ToDoSchedulingUITests;
				PRODUCT_NAME = "$(TARGET_NAME)";
				SWIFT_VERSION = 4.0;
				TARGETED_DEVICE_FAMILY = "1,2";
				TEST_TARGET_NAME = ToDoScheduling;
			};
			name = Release;
		};
/* End XCBuildConfiguration section */

/* Begin XCConfigurationList section */
		D5B638161FF4374400C4C7F1 /* Build configuration list for PBXProject "ToDoScheduling" */ = {
			isa = XCConfigurationList;
			buildConfigurations = (
				D5B638441FF4374400C4C7F1 /* Debug */,
				D5B638451FF4374400C4C7F1 /* Release */,
			);
			defaultConfigurationIsVisible = 0;
			defaultConfigurationName = Release;
		};
		D5B638461FF4374400C4C7F1 /* Build configuration list for PBXNativeTarget "ToDoScheduling" */ = {
			isa = XCConfigurationList;
			buildConfigurations = (
				D5B638471FF4374400C4C7F1 /* Debug */,
				D5B638481FF4374400C4C7F1 /* Release */,
			);
			defaultConfigurationIsVisible = 0;
			defaultConfigurationName = Release;
		};
		D5B638491FF4374400C4C7F1 /* Build configuration list for PBXNativeTarget "ToDoSchedulingTests" */ = {
			isa = XCConfigurationList;
			buildConfigurations = (
				D5B6384A1FF4374400C4C7F1 /* Debug */,
				D5B6384B1FF4374400C4C7F1 /* Release */,
			);
			defaultConfigurationIsVisible = 0;
			defaultConfigurationName = Release;
		};
		D5B6384C1FF4374400C4C7F1 /* Build configuration list for PBXNativeTarget "ToDoSchedulingUITests" */ = {
			isa = XCConfigurationList;
			buildConfigurations = (
				D5B6384D1FF4374400C4C7F1 /* Debug */,
				D5B6384E1FF4374400C4C7F1 /* Release */,
			);
			defaultConfigurationIsVisible = 0;
			defaultConfigurationName = Release;
		};
/* End XCConfigurationList section */

/* Begin XCVersionGroup section */
		D5B638251FF4374400C4C7F1 /* ToDoScheduling.xcdatamodeld */ = {
			isa = XCVersionGroup;
			children = (
				D5B638261FF4374400C4C7F1 /* ToDoScheduling.xcdatamodel */,
			);
			currentVersion = D5B638261FF4374400C4C7F1 /* ToDoScheduling.xcdatamodel */;
			path = ToDoScheduling.xcdatamodeld;
			sourceTree = "<group>";
			versionGroupType = wrapper.xcdatamodel;
		};
/* End XCVersionGroup section */
	};
	rootObject = D5B638131FF4374400C4C7F1 /* Project object */;
}
